<?xml version="1.0" encoding="utf-8"?>
<Project ToolsVersion="4.0" xmlns="http://schemas.microsoft.com/developer/msbuild/2003">
  <ItemGroup>
    <Filter Include="Source Files">
      <UniqueIdentifier>{4FC737F1-C7A5-4376-A066-2A32D752A2FF}</UniqueIdentifier>
      <Extensions>cpp;c;cc;cxx;def;odl;idl;hpj;bat;asm;asmx</Extensions>
    </Filter>
    <Filter Include="Header Files">
      <UniqueIdentifier>{93995380-89BD-4b04-88EB-625FBE52EBFB}</UniqueIdentifier>
      <Extensions>h;hpp;hxx;hm;inl;inc;xsd</Extensions>
    </Filter>
    <Filter Include="Resource Files">
      <UniqueIdentifier>{67DA6AB6-F800-4c08-8B7A-83BB121AAD01}</UniqueIdentifier>
      <Extensions>rc;ico;cur;bmp;dlg;rc2;rct;bin;rgs;gif;jpg;jpeg;jpe;resx;tiff;tif;png;wav;mfcribbon-ms</Extensions>
    </Filter>
    <Filter Include="GUI">
      <UniqueIdentifier>{23d29a07-e42c-449b-8aa9-b42af4e8c755}</UniqueIdentifier>
    </Filter>
    <Filter Include="GameFile">
      <UniqueIdentifier>{84eac0a9-5291-4091-bcc3-7d183b9a1a6d}</UniqueIdentifier>
    </Filter>
  </ItemGroup>
  <ItemGroup>
    <ClCompile Include="main.cpp">
      <Filter>Source Files</Filter>
    </ClCompile>
    <ClCompile Include="MainScene.cpp">
      <Filter>GUI</Filter>
    </ClCompile>
    <ClCompile Include="FFApplication.cpp">
      <Filter>GameFile</Filter>
    </ClCompile>
    <ClCompile Include="FFGameManager.cpp">
      <Filter>GameFile</Filter>
    </ClCompile>
    <ClCompile Include="OptionsScene.cpp">
      <Filter>GUI</Filter>
    </ClCompile>
    <ClCompile Include="BaseChooseScene.cpp">
      <Filter>GUI</Filter>
    </ClCompile>
    <ClCompile Include="GameSceneChoose.cpp">
      <Filter>GUI</Filter>
    </ClCompile>
  </ItemGroup>
  <ItemGroup>
    <None Include="orx.ini">
      <Filter>Resource Files</Filter>
    </None>
  </ItemGroup>
  <ItemGroup>
    <ClInclude Include="MainScene.h">
      <Filter>GUI</Filter>
    </ClInclude>
    <ClInclude Include="FFApplication.h">
      <Filter>GameFile</Filter>
    </ClInclude>
    <ClInclude Include="FFGameManager.h">
      <Filter>GameFile</Filter>
    </ClInclude>
    <ClInclude Include="OptionsScene.h">
      <Filter>GUI</Filter>
    </ClInclude>
    <ClInclude Include="BaseChooseScene.h">
      <Filter>GUI</Filter>
    </ClInclude>
    <ClInclude Include="GameSceneChoose.h">
      <Filter>GUI</Filter>
    </ClInclude>
  </ItemGroup>
</Project>